# This file is automatically @generated by Cargo.
# It is not intended for manual editing.
version = 4

[[package]]
name = "arc-swap"
version = "1.8.0"
source = "registry+https://github.com/rust-lang/crates.io-index"
checksum = "51d03449bb8ca2cc2ef70869af31463d1ae5ccc8fa3e334b307203fbf815207e"
dependencies = [
 "rustversion",
]

[[package]]
name = "ngxora"
version = "0.1.0"
dependencies = [
 "arc-swap",
 "ngxora-compile",
 "ngxora-config",
]

[[package]]
name = "ngxora-compile"
version = "0.1.0"
dependencies = [
 "ngxora-config",
]

[[package]]
name = "ngxora-config"
version = "0.1.0"

[[package]]
name = "rustversion"
version = "1.0.22"
source = "registry+https://github.com/rust-lang/crates.io-index"
checksum = "b39cdef0fa800fc44525c84ccb54a029961a8215f9619753635a9c0d2538d46d"
